
Microsoft Visual Studio Solution File, Format Version 12.00
# Visual Studio Version 16
VisualStudioVersion = 16.0.30104.148
MinimumVisualStudioVersion = 10.0.40219.1
Project("{FAE04EC0-301F-11D3-BF4B-00C04F79EFBC}") = "MQLearning", "MQLearning\MQLearning.csproj", "{551E84CF-BE80-467A-B3AA-6B3BE35570F9}"
EndProject
Global
	GlobalSection(SolutionConfigurationPlatforms) = preSolution
		Debug|Any CPU = Debug|Any CPU
		Release|Any CPU = Release|Any CPU
	EndGlobalSection
	GlobalSection(ProjectConfigurationPlatforms) = postSolution
		{551E84CF-BE80-467A-B3AA-6B3BE35570F9}.Debug|Any CPU.ActiveCfg = Debug|Any CPU
		{551E84CF-BE80-467A-B3AA-6B3BE35570F9}.Debug|Any CPU.Build.0 = Debug|Any CPU
		{551E84CF-BE80-467A-B3AA-6B3BE35570F9}.Release|Any CPU.ActiveCfg = Release|Any CPU
		{551E84CF-BE80-467A-B3AA-6B3BE35570F9}.Release|Any CPU.Build.0 = Release|Any CPU
	EndGlobalSection
	GlobalSection(SolutionProperties) = preSolution
		HideSolutionNode = FALSE
	EndGlobalSection
	GlobalSection(ExtensibilityGlobals) = postSolution
		SolutionGuid = {4A4B1DDE-47DB-45D2-BED3-E3398252EF59}
	EndGlobalSection
EndGlobal
